PODS:
  - MMSCameraViewController (1.4.0)
  - SwiftLint (0.27.0)

DEPENDENCIES:
  - MMSCameraViewController (from `../`)
  - SwiftLint

SPEC REPOS:
  https://github.com/cocoapods/specs.git:
    - SwiftLint

EXTERNAL SOURCES:
  MMSCameraViewController:
    :path: "../"

SPEC CHECKSUMS:
  MMSCameraViewController: 2f854543eeba7c0f9824249bda47732d8fd51968
  SwiftLint: 3207c1faa2240bf8973b191820a116113cd11073

PODFILE CHECKSUM: ac83409aba37d426f49e86da797fd8d2589b475b

COCOAPODS: 1.6.0
